
Microsoft Visual Studio Solution File, Format Version 12.00
# Visual Studio Version 16
VisualStudioVersion = 16.0.32802.440
MinimumVisualStudioVersion = 10.0.40219.1
Project("{FAE04EC0-301F-11D3-BF4B-00C04F79EFBC}") = "TallerLINQ", "TallerLINQ\TallerLINQ.csproj", "{0DAE467C-7D53-43C0-BFB1-C05D04597CAE}"
EndProject
Global
	GlobalSection(SolutionConfigurationPlatforms) = preSolution
		Debug|Any CPU = Debug|Any CPU
		Release|Any CPU = Release|Any CPU
	EndGlobalSection
	GlobalSection(ProjectConfigurationPlatforms) = postSolution
		{0DAE467C-7D53-43C0-BFB1-C05D04597CAE}.Debug|Any CPU.ActiveCfg = Debug|Any CPU
		{0DAE467C-7D53-43C0-BFB1-C05D04597CAE}.Debug|Any CPU.Build.0 = Debug|Any CPU
		{0DAE467C-7D53-43C0-BFB1-C05D04597CAE}.Release|Any CPU.ActiveCfg = Release|Any CPU
		{0DAE467C-7D53-43C0-BFB1-C05D04597CAE}.Release|Any CPU.Build.0 = Release|Any CPU
	EndGlobalSection
	GlobalSection(SolutionProperties) = preSolution
		HideSolutionNode = FALSE
	EndGlobalSection
	GlobalSection(ExtensibilityGlobals) = postSolution
		SolutionGuid = {724B0F2B-43F5-4972-A3C3-B704402DE99A}
	EndGlobalSection
EndGlobal
